
Microsoft Visual Studio Solution File, Format Version 12.00
# Visual Studio Version 17
VisualStudioVersion = 17.5.33530.505
MinimumVisualStudioVersion = 10.0.40219.1
Project("{FAE04EC0-301F-11D3-BF4B-00C04F79EFBC}") = "ToanRoiRac", "ToanRoiRac.csproj", "{68058D2E-BEC3-4CD7-9BA1-F64B5B25A9EA}"
EndProject
Global
	GlobalSection(SolutionConfigurationPlatforms) = preSolution
		Debug|Any CPU = Debug|Any CPU
		Release|Any CPU = Release|Any CPU
	EndGlobalSection
	GlobalSection(ProjectConfigurationPlatforms) = postSolution
		{68058D2E-BEC3-4CD7-9BA1-F64B5B25A9EA}.Debug|Any CPU.ActiveCfg = Debug|Any CPU
		{68058D2E-BEC3-4CD7-9BA1-F64B5B25A9EA}.Debug|Any CPU.Build.0 = Debug|Any CPU
		{68058D2E-BEC3-4CD7-9BA1-F64B5B25A9EA}.Release|Any CPU.ActiveCfg = Release|Any CPU
		{68058D2E-BEC3-4CD7-9BA1-F64B5B25A9EA}.Release|Any CPU.Build.0 = Release|Any CPU
	EndGlobalSection
	GlobalSection(SolutionProperties) = preSolution
		HideSolutionNode = FALSE
	EndGlobalSection
	GlobalSection(ExtensibilityGlobals) = postSolution
		SolutionGuid = {29F0809E-B7BE-4975-B772-C1CF50F4DEA2}
	EndGlobalSection
EndGlobal
